{
  "name": "backend",
  "lockfileVersion": 3,
  "requires": true,
  "packages": {
    "": {
      "dependencies": {
        "nodemailer": "^8.0.3",
        "streamifier": "^0.1.1"
      }
    },
    "node_modules/nodemailer": {
      "version": "8.0.3",
      "resolved": "https://registry.npmjs.org/nodemailer/-/nodemailer-8.0.3.tgz",
      "integrity": "sha512-JQNBqvK+bj3NMhUFR3wmCl3SYcOeMotDiwDBvIoCuQdF0PvlIY0BH+FJ2CG7u4cXKPChplE78oowlH/Otsc4ZQ==",
      "license": "MIT-0",
      "engines": {
        "node": ">=6.0.0"
      }
    },
    "node_modules/streamifier": {
      "version": "0.1.1",
      "resolved": "https://registry.npmjs.org/streamifier/-/streamifier-0.1.1.tgz",
      "integrity": "sha512-zDgl+muIlWzXNsXeyUfOk9dChMjlpkq0DRsxujtYPgyJ676yQ8jEm6zzaaWHFDg5BNcLuif0eD2MTyJdZqXpdg==",
      "license": "MIT",
      "engines": {
        "node": ">=0.10"
      }
    }
  }
}
